
Microsoft Visual Studio Solution File, Format Version 12.00
# Visual Studio Version 17
VisualStudioVersion = 17.10.35013.160
MinimumVisualStudioVersion = 10.0.40219.1
Project("{FAE04EC0-301F-11D3-BF4B-00C04F79EFBC}") = "ExerciciosEstruturaWhile", "ExerciciosEstruturaWhile\ExerciciosEstruturaWhile.csproj", "{1D774D7A-A855-4CD4-A46C-3F5CC2CF71A4}"
EndProject
Global
	GlobalSection(SolutionConfigurationPlatforms) = preSolution
		Debug|Any CPU = Debug|Any CPU
		Release|Any CPU = Release|Any CPU
	EndGlobalSection
	GlobalSection(ProjectConfigurationPlatforms) = postSolution
		{1D774D7A-A855-4CD4-A46C-3F5CC2CF71A4}.Debug|Any CPU.ActiveCfg = Debug|Any CPU
		{1D774D7A-A855-4CD4-A46C-3F5CC2CF71A4}.Debug|Any CPU.Build.0 = Debug|Any CPU
		{1D774D7A-A855-4CD4-A46C-3F5CC2CF71A4}.Release|Any CPU.ActiveCfg = Release|Any CPU
		{1D774D7A-A855-4CD4-A46C-3F5CC2CF71A4}.Release|Any CPU.Build.0 = Release|Any CPU
	EndGlobalSection
	GlobalSection(SolutionProperties) = preSolution
		HideSolutionNode = FALSE
	EndGlobalSection
	GlobalSection(ExtensibilityGlobals) = postSolution
		SolutionGuid = {7B40FA8F-40E9-4E7F-9D3B-F5F7F2831B62}
	EndGlobalSection
EndGlobal
